
Microsoft Visual Studio Solution File, Format Version 12.00
# Visual Studio Version 16
VisualStudioVersion = 16.0.30413.136
MinimumVisualStudioVersion = 10.0.40219.1
Project("{FAE04EC0-301F-11D3-BF4B-00C04F79EFBC}") = "SM.OGL", "src\renderer\SM.OGL\SM.OGL.csproj", "{F604D684-BC1D-4819-88B5-8B5D03A17BE0}"
EndProject
Project("{FAE04EC0-301F-11D3-BF4B-00C04F79EFBC}") = "SM.Base", "src\renderer\SM.Base\SM.Base.csproj", "{8E733844-4204-43E7-B3DC-3913CDDABB0D}"
EndProject
Project("{FAE04EC0-301F-11D3-BF4B-00C04F79EFBC}") = "SM2D", "src\renderer\SM2D\SM2D.csproj", "{A4565538-625A-42C6-A330-DD4F1ABB3986}"
EndProject
Project("{FAE04EC0-301F-11D3-BF4B-00C04F79EFBC}") = "SM_TEST", "tests\SM_TEST\SM_TEST.csproj", "{6D4FB8E6-4D0B-4928-8F9E-EF5C2FBF44E8}"
EndProject
Project("{FAE04EC0-301F-11D3-BF4B-00C04F79EFBC}") = "SM.Utils", "src\optionals\SM.Utils\SM.Utils.csproj", "{079BAB31-3DC4-40DA-90C7-EFAA8517C647}"
EndProject
Project("{FAE04EC0-301F-11D3-BF4B-00C04F79EFBC}") = "SM.Intergrations", "src\optionals\SM.Intergrations\SM.Intergrations.csproj", "{4CB351F4-B3F2-4F77-ACC2-02F21DBF5EC2}"
EndProject
Project("{2150E333-8FDC-42A3-9474-1A3956D46DE8}") = "Renderer", "Renderer", "{62ED6240-4DEC-4535-95EB-AE3D90A3FDF5}"
EndProject
Project("{2150E333-8FDC-42A3-9474-1A3956D46DE8}") = "Optionals", "Optionals", "{CC0E5493-29E8-4ACB-8462-5724A6F636DE}"
EndProject
Project("{2150E333-8FDC-42A3-9474-1A3956D46DE8}") = "Tests", "Tests", "{2D2EDE5F-6610-4DF9-AAFD-664F4023A99D}"
EndProject
Global
	GlobalSection(SolutionConfigurationPlatforms) = preSolution
		Debug|Any CPU = Debug|Any CPU
		Release|Any CPU = Release|Any CPU
	EndGlobalSection
	GlobalSection(ProjectConfigurationPlatforms) = postSolution
		{F604D684-BC1D-4819-88B5-8B5D03A17BE0}.Debug|Any CPU.ActiveCfg = Debug|Any CPU
		{F604D684-BC1D-4819-88B5-8B5D03A17BE0}.Debug|Any CPU.Build.0 = Debug|Any CPU
		{F604D684-BC1D-4819-88B5-8B5D03A17BE0}.Release|Any CPU.ActiveCfg = Release|Any CPU
		{F604D684-BC1D-4819-88B5-8B5D03A17BE0}.Release|Any CPU.Build.0 = Release|Any CPU
		{8E733844-4204-43E7-B3DC-3913CDDABB0D}.Debug|Any CPU.ActiveCfg = Debug|Any CPU
		{8E733844-4204-43E7-B3DC-3913CDDABB0D}.Debug|Any CPU.Build.0 = Debug|Any CPU
		{8E733844-4204-43E7-B3DC-3913CDDABB0D}.Release|Any CPU.ActiveCfg = Release|Any CPU
		{8E733844-4204-43E7-B3DC-3913CDDABB0D}.Release|Any CPU.Build.0 = Release|Any CPU
		{A4565538-625A-42C6-A330-DD4F1ABB3986}.Debug|Any CPU.ActiveCfg = Debug|Any CPU
		{A4565538-625A-42C6-A330-DD4F1ABB3986}.Debug|Any CPU.Build.0 = Debug|Any CPU
		{A4565538-625A-42C6-A330-DD4F1ABB3986}.Release|Any CPU.ActiveCfg = Release|Any CPU
		{A4565538-625A-42C6-A330-DD4F1ABB3986}.Release|Any CPU.Build.0 = Release|Any CPU
		{6D4FB8E6-4D0B-4928-8F9E-EF5C2FBF44E8}.Debug|Any CPU.ActiveCfg = Debug|Any CPU
		{6D4FB8E6-4D0B-4928-8F9E-EF5C2FBF44E8}.Debug|Any CPU.Build.0 = Debug|Any CPU
		{6D4FB8E6-4D0B-4928-8F9E-EF5C2FBF44E8}.Release|Any CPU.ActiveCfg = Release|Any CPU
		{6D4FB8E6-4D0B-4928-8F9E-EF5C2FBF44E8}.Release|Any CPU.Build.0 = Release|Any CPU
		{079BAB31-3DC4-40DA-90C7-EFAA8517C647}.Debug|Any CPU.ActiveCfg = Debug|Any CPU
		{079BAB31-3DC4-40DA-90C7-EFAA8517C647}.Debug|Any CPU.Build.0 = Debug|Any CPU
		{079BAB31-3DC4-40DA-90C7-EFAA8517C647}.Release|Any CPU.ActiveCfg = Release|Any CPU
		{079BAB31-3DC4-40DA-90C7-EFAA8517C647}.Release|Any CPU.Build.0 = Release|Any CPU
		{4CB351F4-B3F2-4F77-ACC2-02F21DBF5EC2}.Debug|Any CPU.ActiveCfg = Debug|Any CPU
		{4CB351F4-B3F2-4F77-ACC2-02F21DBF5EC2}.Debug|Any CPU.Build.0 = Debug|Any CPU
		{4CB351F4-B3F2-4F77-ACC2-02F21DBF5EC2}.Release|Any CPU.ActiveCfg = Release|Any CPU
		{4CB351F4-B3F2-4F77-ACC2-02F21DBF5EC2}.Release|Any CPU.Build.0 = Release|Any CPU
	EndGlobalSection
	GlobalSection(SolutionProperties) = preSolution
		HideSolutionNode = FALSE
	EndGlobalSection
	GlobalSection(NestedProjects) = preSolution
		{F604D684-BC1D-4819-88B5-8B5D03A17BE0} = {62ED6240-4DEC-4535-95EB-AE3D90A3FDF5}
		{8E733844-4204-43E7-B3DC-3913CDDABB0D} = {62ED6240-4DEC-4535-95EB-AE3D90A3FDF5}
		{A4565538-625A-42C6-A330-DD4F1ABB3986} = {62ED6240-4DEC-4535-95EB-AE3D90A3FDF5}
		{6D4FB8E6-4D0B-4928-8F9E-EF5C2FBF44E8} = {2D2EDE5F-6610-4DF9-AAFD-664F4023A99D}
		{079BAB31-3DC4-40DA-90C7-EFAA8517C647} = {CC0E5493-29E8-4ACB-8462-5724A6F636DE}
		{4CB351F4-B3F2-4F77-ACC2-02F21DBF5EC2} = {CC0E5493-29E8-4ACB-8462-5724A6F636DE}
	EndGlobalSection
	GlobalSection(ExtensibilityGlobals) = postSolution
		SolutionGuid = {51C827AB-3306-4EE6-9E60-B7BF84854469}
	EndGlobalSection
EndGlobal
