
Microsoft Visual Studio Solution File, Format Version 12.00
# Visual Studio Version 16
VisualStudioVersion = 16.0.30413.136
MinimumVisualStudioVersion = 10.0.40219.1
Project("{2150E333-8FDC-42A3-9474-1A3956D46DE8}") = "SMRenderer", "SMRenderer", "{47EA2879-1D40-4683-BA6C-AB51F286EBDE}"
EndProject
Project("{FAE04EC0-301F-11D3-BF4B-00C04F79EFBC}") = "SM.OGL", "SMCode\SM.OGL\SM.OGL.csproj", "{F604D684-BC1D-4819-88B5-8B5D03A17BE0}"
EndProject
Project("{FAE04EC0-301F-11D3-BF4B-00C04F79EFBC}") = "SM.Base", "SMCode\SM.Base\SM.Base.csproj", "{8E733844-4204-43E7-B3DC-3913CDDABB0D}"
EndProject
Project("{FAE04EC0-301F-11D3-BF4B-00C04F79EFBC}") = "SM3D", "SMCode\SM3D\SM3D.csproj", "{9BECA849-E6E9-4E15-83A6-ADD8C18065CB}"
EndProject
Project("{FAE04EC0-301F-11D3-BF4B-00C04F79EFBC}") = "SM2D", "SMCode\SM2D\SM2D.csproj", "{A4565538-625A-42C6-A330-DD4F1ABB3986}"
EndProject
Project("{FAE04EC0-301F-11D3-BF4B-00C04F79EFBC}") = "SM_TEST", "SM_TEST\SM_TEST.csproj", "{6D4FB8E6-4D0B-4928-8F9E-EF5C2FBF44E8}"
EndProject
Project("{2150E333-8FDC-42A3-9474-1A3956D46DE8}") = "Optionals", "Optionals", "{AE5B181B-BD8F-4F36-A64E-32C4FF7B6FD6}"
EndProject
Project("{FAE04EC0-301F-11D3-BF4B-00C04F79EFBC}") = "SM.Game", "SMOptionals\SM.Game\SM.Game.csproj", "{079BAB31-3DC4-40DA-90C7-EFAA8517C647}"
EndProject
Project("{FAE04EC0-301F-11D3-BF4B-00C04F79EFBC}") = "SM_WPF_TEST", "SM_WPF_TEST\SM_WPF_TEST.csproj", "{6F5367D3-B7E9-40CE-A692-29F9892B6F2A}"
EndProject
Global
	GlobalSection(SolutionConfigurationPlatforms) = preSolution
		Debug|Any CPU = Debug|Any CPU
		Release|Any CPU = Release|Any CPU
	EndGlobalSection
	GlobalSection(ProjectConfigurationPlatforms) = postSolution
		{F604D684-BC1D-4819-88B5-8B5D03A17BE0}.Debug|Any CPU.ActiveCfg = Debug|Any CPU
		{F604D684-BC1D-4819-88B5-8B5D03A17BE0}.Debug|Any CPU.Build.0 = Debug|Any CPU
		{F604D684-BC1D-4819-88B5-8B5D03A17BE0}.Release|Any CPU.ActiveCfg = Release|Any CPU
		{F604D684-BC1D-4819-88B5-8B5D03A17BE0}.Release|Any CPU.Build.0 = Release|Any CPU
		{8E733844-4204-43E7-B3DC-3913CDDABB0D}.Debug|Any CPU.ActiveCfg = Debug|Any CPU
		{8E733844-4204-43E7-B3DC-3913CDDABB0D}.Debug|Any CPU.Build.0 = Debug|Any CPU
		{8E733844-4204-43E7-B3DC-3913CDDABB0D}.Release|Any CPU.ActiveCfg = Release|Any CPU
		{8E733844-4204-43E7-B3DC-3913CDDABB0D}.Release|Any CPU.Build.0 = Release|Any CPU
		{9BECA849-E6E9-4E15-83A6-ADD8C18065CB}.Debug|Any CPU.ActiveCfg = Debug|Any CPU
		{9BECA849-E6E9-4E15-83A6-ADD8C18065CB}.Debug|Any CPU.Build.0 = Debug|Any CPU
		{9BECA849-E6E9-4E15-83A6-ADD8C18065CB}.Release|Any CPU.ActiveCfg = Release|Any CPU
		{9BECA849-E6E9-4E15-83A6-ADD8C18065CB}.Release|Any CPU.Build.0 = Release|Any CPU
		{A4565538-625A-42C6-A330-DD4F1ABB3986}.Debug|Any CPU.ActiveCfg = Debug|Any CPU
		{A4565538-625A-42C6-A330-DD4F1ABB3986}.Debug|Any CPU.Build.0 = Debug|Any CPU
		{A4565538-625A-42C6-A330-DD4F1ABB3986}.Release|Any CPU.ActiveCfg = Release|Any CPU
		{A4565538-625A-42C6-A330-DD4F1ABB3986}.Release|Any CPU.Build.0 = Release|Any CPU
		{6D4FB8E6-4D0B-4928-8F9E-EF5C2FBF44E8}.Debug|Any CPU.ActiveCfg = Debug|Any CPU
		{6D4FB8E6-4D0B-4928-8F9E-EF5C2FBF44E8}.Debug|Any CPU.Build.0 = Debug|Any CPU
		{6D4FB8E6-4D0B-4928-8F9E-EF5C2FBF44E8}.Release|Any CPU.ActiveCfg = Release|Any CPU
		{6D4FB8E6-4D0B-4928-8F9E-EF5C2FBF44E8}.Release|Any CPU.Build.0 = Release|Any CPU
		{079BAB31-3DC4-40DA-90C7-EFAA8517C647}.Debug|Any CPU.ActiveCfg = Debug|Any CPU
		{079BAB31-3DC4-40DA-90C7-EFAA8517C647}.Debug|Any CPU.Build.0 = Debug|Any CPU
		{079BAB31-3DC4-40DA-90C7-EFAA8517C647}.Release|Any CPU.ActiveCfg = Release|Any CPU
		{079BAB31-3DC4-40DA-90C7-EFAA8517C647}.Release|Any CPU.Build.0 = Release|Any CPU
		{6F5367D3-B7E9-40CE-A692-29F9892B6F2A}.Debug|Any CPU.ActiveCfg = Debug|Any CPU
		{6F5367D3-B7E9-40CE-A692-29F9892B6F2A}.Debug|Any CPU.Build.0 = Debug|Any CPU
		{6F5367D3-B7E9-40CE-A692-29F9892B6F2A}.Release|Any CPU.ActiveCfg = Release|Any CPU
		{6F5367D3-B7E9-40CE-A692-29F9892B6F2A}.Release|Any CPU.Build.0 = Release|Any CPU
	EndGlobalSection
	GlobalSection(SolutionProperties) = preSolution
		HideSolutionNode = FALSE
	EndGlobalSection
	GlobalSection(NestedProjects) = preSolution
		{F604D684-BC1D-4819-88B5-8B5D03A17BE0} = {47EA2879-1D40-4683-BA6C-AB51F286EBDE}
		{8E733844-4204-43E7-B3DC-3913CDDABB0D} = {47EA2879-1D40-4683-BA6C-AB51F286EBDE}
		{9BECA849-E6E9-4E15-83A6-ADD8C18065CB} = {47EA2879-1D40-4683-BA6C-AB51F286EBDE}
		{A4565538-625A-42C6-A330-DD4F1ABB3986} = {47EA2879-1D40-4683-BA6C-AB51F286EBDE}
		{079BAB31-3DC4-40DA-90C7-EFAA8517C647} = {AE5B181B-BD8F-4F36-A64E-32C4FF7B6FD6}
	EndGlobalSection
	GlobalSection(ExtensibilityGlobals) = postSolution
		SolutionGuid = {51C827AB-3306-4EE6-9E60-B7BF84854469}
	EndGlobalSection
EndGlobal
